
Microsoft Visual Studio Solution File, Format Version 12.00
# Visual Studio Version 17
VisualStudioVersion = 17.14.36705.20 d17.14
MinimumVisualStudioVersion = 10.0.40219.1
Project("{FAE04EC0-301F-11D3-BF4B-00C04F79EFBC}") = "quitProcessUtil", "quitProcessUtil.csproj", "{3CA30A7E-0466-4A16-88C3-9ADCD327CD24}"
EndProject
Global
	GlobalSection(SolutionConfigurationPlatforms) = preSolution
		Debug|Any CPU = Debug|Any CPU
		Release|Any CPU = Release|Any CPU
	EndGlobalSection
	GlobalSection(ProjectConfigurationPlatforms) = postSolution
		{3CA30A7E-0466-4A16-88C3-9ADCD327CD24}.Debug|Any CPU.ActiveCfg = Debug|Any CPU
		{3CA30A7E-0466-4A16-88C3-9ADCD327CD24}.Debug|Any CPU.Build.0 = Debug|Any CPU
		{3CA30A7E-0466-4A16-88C3-9ADCD327CD24}.Release|Any CPU.ActiveCfg = Release|Any CPU
		{3CA30A7E-0466-4A16-88C3-9ADCD327CD24}.Release|Any CPU.Build.0 = Release|Any CPU
	EndGlobalSection
	GlobalSection(SolutionProperties) = preSolution
		HideSolutionNode = FALSE
	EndGlobalSection
	GlobalSection(ExtensibilityGlobals) = postSolution
		SolutionGuid = {3C638297-7CBD-4BA1-8669-4300BB7E0B27}
	EndGlobalSection
EndGlobal
